
Microsoft Visual Studio Solution File, Format Version 12.00
# Visual Studio Version 17
VisualStudioVersion = 17.11.35303.130
MinimumVisualStudioVersion = 10.0.40219.1
Project("{FAE04EC0-301F-11D3-BF4B-00C04F79EFBC}") = "WindowsService.Net.Framework", "WindowsService.Net.Framework\WindowsService.Net.Framework.csproj", "{6C614058-7A18-48B8-8481-148E371310CF}"
EndProject
Project("{FAE04EC0-301F-11D3-BF4B-00C04F79EFBC}") = "WorkerService.Net.Core", "WorkerService.Net.Core\WorkerService.Net.Core.csproj", "{A1BA3D19-5556-4AF3-82B6-185127C7521F}"
EndProject
Global
	GlobalSection(SolutionConfigurationPlatforms) = preSolution
		Debug|Any CPU = Debug|Any CPU
		Release|Any CPU = Release|Any CPU
	EndGlobalSection
	GlobalSection(ProjectConfigurationPlatforms) = postSolution
		{6C614058-7A18-48B8-8481-148E371310CF}.Debug|Any CPU.ActiveCfg = Debug|Any CPU
		{6C614058-7A18-48B8-8481-148E371310CF}.Debug|Any CPU.Build.0 = Debug|Any CPU
		{6C614058-7A18-48B8-8481-148E371310CF}.Release|Any CPU.ActiveCfg = Release|Any CPU
		{6C614058-7A18-48B8-8481-148E371310CF}.Release|Any CPU.Build.0 = Release|Any CPU
		{A1BA3D19-5556-4AF3-82B6-185127C7521F}.Debug|Any CPU.ActiveCfg = Debug|Any CPU
		{A1BA3D19-5556-4AF3-82B6-185127C7521F}.Debug|Any CPU.Build.0 = Debug|Any CPU
		{A1BA3D19-5556-4AF3-82B6-185127C7521F}.Release|Any CPU.ActiveCfg = Release|Any CPU
		{A1BA3D19-5556-4AF3-82B6-185127C7521F}.Release|Any CPU.Build.0 = Release|Any CPU
	EndGlobalSection
	GlobalSection(SolutionProperties) = preSolution
		HideSolutionNode = FALSE
	EndGlobalSection
	GlobalSection(ExtensibilityGlobals) = postSolution
		SolutionGuid = {B8B80C70-85B2-4A83-989C-1654A7BF5966}
	EndGlobalSection
EndGlobal
